
Microsoft Visual Studio Solution File, Format Version 12.00
# Visual Studio Version 16
VisualStudioVersion = 16.0.29409.12
MinimumVisualStudioVersion = 10.0.40219.1
Project("{9A19103F-16F7-4668-BE54-9A1E7A4F7556}") = "Demo", "Demo.csproj", "{9B35B899-3D04-499C-B13E-7584829B97CC}"
EndProject
Project("{FAE04EC0-301F-11D3-BF4B-00C04F79EFBC}") = "NetTopologySuiteClassLib", "NetTopologySuiteClassLib\NetTopologySuiteClassLib.csproj", "{E3C4F474-1047-494C-AC09-50EAF59ED4A7}"
EndProject
Project("{FAE04EC0-301F-11D3-BF4B-00C04F79EFBC}") = "NetTopologySuiteUnitTest", "NetTopologySuiteUnitTest\NetTopologySuiteUnitTest.csproj", "{4EC65C84-9844-441E-AA5F-1024F3895056}"
EndProject
Global
	GlobalSection(SolutionConfigurationPlatforms) = preSolution
		Debug|Any CPU = Debug|Any CPU
		Release|Any CPU = Release|Any CPU
	EndGlobalSection
	GlobalSection(ProjectConfigurationPlatforms) = postSolution
		{9B35B899-3D04-499C-B13E-7584829B97CC}.Debug|Any CPU.ActiveCfg = Debug|Any CPU
		{9B35B899-3D04-499C-B13E-7584829B97CC}.Debug|Any CPU.Build.0 = Debug|Any CPU
		{9B35B899-3D04-499C-B13E-7584829B97CC}.Release|Any CPU.ActiveCfg = Release|Any CPU
		{9B35B899-3D04-499C-B13E-7584829B97CC}.Release|Any CPU.Build.0 = Release|Any CPU
		{E3C4F474-1047-494C-AC09-50EAF59ED4A7}.Debug|Any CPU.ActiveCfg = Debug|Any CPU
		{E3C4F474-1047-494C-AC09-50EAF59ED4A7}.Debug|Any CPU.Build.0 = Debug|Any CPU
		{E3C4F474-1047-494C-AC09-50EAF59ED4A7}.Release|Any CPU.ActiveCfg = Release|Any CPU
		{E3C4F474-1047-494C-AC09-50EAF59ED4A7}.Release|Any CPU.Build.0 = Release|Any CPU
		{4EC65C84-9844-441E-AA5F-1024F3895056}.Debug|Any CPU.ActiveCfg = Debug|Any CPU
		{4EC65C84-9844-441E-AA5F-1024F3895056}.Debug|Any CPU.Build.0 = Debug|Any CPU
		{4EC65C84-9844-441E-AA5F-1024F3895056}.Release|Any CPU.ActiveCfg = Release|Any CPU
		{4EC65C84-9844-441E-AA5F-1024F3895056}.Release|Any CPU.Build.0 = Release|Any CPU
	EndGlobalSection
	GlobalSection(SolutionProperties) = preSolution
		HideSolutionNode = FALSE
	EndGlobalSection
	GlobalSection(ExtensibilityGlobals) = postSolution
		SolutionGuid = {7D6D5DAD-036B-4EE7-B99E-DC3C53455916}
	EndGlobalSection
EndGlobal
